// !$*UTF8*$!
{
	archiveVersion = 1;
	classes = {
	};
	objectVersion = 56;
	objects = {

/* Begin PBXBuildFile section */
		777355822C57D01500DCCE13 /* SunDaoRepository.swift in Sources */ = {isa = PBXBuildFile; fileRef = 777355812C57D01500DCCE13 /* SunDaoRepository.swift */; };
		777355852C57D05000DCCE13 /* RxSwift in Frameworks */ = {isa = PBXBuildFile; productRef = 777355842C57D05000DCCE13 /* RxSwift */; };
		777355872C57D4A600DCCE13 /* HomePageVM.swift in Sources */ = {isa = PBXBuildFile; fileRef = 777355862C57D4A600DCCE13 /* HomePageVM.swift */; };
		7773558F2C57DC8700DCCE13 /* WorldTimeAPI.swift in Sources */ = {isa = PBXBuildFile; fileRef = 7773558E2C57DC8700DCCE13 /* WorldTimeAPI.swift */; };
		77B4C5492C56C52D001A8076 /* AppDelegate.swift in Sources */ = {isa = PBXBuildFile; fileRef = 77B4C5482C56C52D001A8076 /* AppDelegate.swift */; };
		77B4C54B2C56C52D001A8076 /* SceneDelegate.swift in Sources */ = {isa = PBXBuildFile; fileRef = 77B4C54A2C56C52D001A8076 /* SceneDelegate.swift */; };
		77B4C54D2C56C52D001A8076 /* HomePageVC.swift in Sources */ = {isa = PBXBuildFile; fileRef = 77B4C54C2C56C52D001A8076 /* HomePageVC.swift */; };
		77B4C5502C56C52D001A8076 /* Base in Resources */ = {isa = PBXBuildFile; fileRef = 77B4C54F2C56C52D001A8076 /* Base */; };
		77B4C5522C56C52E001A8076 /* Assets.xcassets in Resources */ = {isa = PBXBuildFile; fileRef = 77B4C5512C56C52E001A8076 /* Assets.xcassets */; };
		77B4C5552C56C52E001A8076 /* Base in Resources */ = {isa = PBXBuildFile; fileRef = 77B4C5542C56C52E001A8076 /* Base */; };
		77B4C55D2C56C95F001A8076 /* SunInfoResponse.swift in Sources */ = {isa = PBXBuildFile; fileRef = 77B4C55C2C56C95F001A8076 /* SunInfoResponse.swift */; };
		77B4C55F2C56C977001A8076 /* SunResults.swift in Sources */ = {isa = PBXBuildFile; fileRef = 77B4C55E2C56C977001A8076 /* SunResults.swift */; };
		77B4C5622C56CB70001A8076 /* Alamofire in Frameworks */ = {isa = PBXBuildFile; productRef = 77B4C5612C56CB70001A8076 /* Alamofire */; };
/* End PBXBuildFile section */

/* Begin PBXFileReference section */
		777355812C57D01500DCCE13 /* SunDaoRepository.swift */ = {isa = PBXFileReference; lastKnownFileType = sourcecode.swift; path = SunDaoRepository.swift; sourceTree = "<group>"; };
		777355862C57D4A600DCCE13 /* HomePageVM.swift */ = {isa = PBXFileReference; lastKnownFileType = sourcecode.swift; path = HomePageVM.swift; sourceTree = "<group>"; };
		7773558E2C57DC8700DCCE13 /* WorldTimeAPI.swift */ = {isa = PBXFileReference; lastKnownFileType = sourcecode.swift; path = WorldTimeAPI.swift; sourceTree = "<group>"; };
		77B4C5452C56C52D001A8076 /* SunInfo.app */ = {isa = PBXFileReference; explicitFileType = wrapper.application; includeInIndex = 0; path = SunInfo.app; sourceTree = BUILT_PRODUCTS_DIR; };
		77B4C5482C56C52D001A8076 /* AppDelegate.swift */ = {isa = PBXFileReference; lastKnownFileType = sourcecode.swift; path = AppDelegate.swift; sourceTree = "<group>"; };
		77B4C54A2C56C52D001A8076 /* SceneDelegate.swift */ = {isa = PBXFileReference; lastKnownFileType = sourcecode.swift; path = SceneDelegate.swift; sourceTree = "<group>"; };
		77B4C54C2C56C52D001A8076 /* HomePageVC.swift */ = {isa = PBXFileReference; lastKnownFileType = sourcecode.swift; path = HomePageVC.swift; sourceTree = "<group>"; };
		77B4C54F2C56C52D001A8076 /* Base */ = {isa = PBXFileReference; lastKnownFileType = file.storyboard; name = Base; path = Base.lproj/Main.storyboard; sourceTree = "<group>"; };
		77B4C5512C56C52E001A8076 /* Assets.xcassets */ = {isa = PBXFileReference; lastKnownFileType = folder.assetcatalog; path = Assets.xcassets; sourceTree = "<group>"; };
		77B4C5542C56C52E001A8076 /* Base */ = {isa = PBXFileReference; lastKnownFileType = file.storyboard; name = Base; path = Base.lproj/LaunchScreen.storyboard; sourceTree = "<group>"; };
		77B4C5562C56C52E001A8076 /* Info.plist */ = {isa = PBXFileReference; lastKnownFileType = text.plist.xml; path = Info.plist; sourceTree = "<group>"; };
		77B4C55C2C56C95F001A8076 /* SunInfoResponse.swift */ = {isa = PBXFileReference; lastKnownFileType = sourcecode.swift; path = SunInfoResponse.swift; sourceTree = "<group>"; };
		77B4C55E2C56C977001A8076 /* SunResults.swift */ = {isa = PBXFileReference; lastKnownFileType = sourcecode.swift; path = SunResults.swift; sourceTree = "<group>"; };
/* End PBXFileReference section */

/* Begin PBXFrameworksBuildPhase section */
		77B4C5422C56C52D001A8076 /* Frameworks */ = {
			isa = PBXFrameworksBuildPhase;
			buildActionMask = 2147483647;
			files = (
				777355852C57D05000DCCE13 /* RxSwift in Frameworks */,
				77B4C5622C56CB70001A8076 /* Alamofire in Frameworks */,
			);
			runOnlyForDeploymentPostprocessing = 0;
		};
/* End PBXFrameworksBuildPhase section */

/* Begin PBXGroup section */
		777355882C57D69100DCCE13 /* data */ = {
			isa = PBXGroup;
			children = (
				7773558B2C57D6A500DCCE13 /* repo */,
				7773558A2C57D6A100DCCE13 /* entity */,
			);
			path = data;
			sourceTree = "<group>";
		};
		777355892C57D69800DCCE13 /* ui */ = {
			isa = PBXGroup;
			children = (
				7773558D2C57D6C400DCCE13 /* viewmodels */,
				7773558C2C57D6BF00DCCE13 /* views */,
			);
			path = ui;
			sourceTree = "<group>";
		};
		7773558A2C57D6A100DCCE13 /* entity */ = {
			isa = PBXGroup;
			children = (
				77B4C55C2C56C95F001A8076 /* SunInfoResponse.swift */,
				77B4C55E2C56C977001A8076 /* SunResults.swift */,
				7773558E2C57DC8700DCCE13 /* WorldTimeAPI.swift */,
			);
			path = entity;
			sourceTree = "<group>";
		};
		7773558B2C57D6A500DCCE13 /* repo */ = {
			isa = PBXGroup;
			children = (
				777355812C57D01500DCCE13 /* SunDaoRepository.swift */,
			);
			path = repo;
			sourceTree = "<group>";
		};
		7773558C2C57D6BF00DCCE13 /* views */ = {
			isa = PBXGroup;
			children = (
				77B4C54C2C56C52D001A8076 /* HomePageVC.swift */,
			);
			path = views;
			sourceTree = "<group>";
		};
		7773558D2C57D6C400DCCE13 /* viewmodels */ = {
			isa = PBXGroup;
			children = (
				777355862C57D4A600DCCE13 /* HomePageVM.swift */,
			);
			path = viewmodels;
			sourceTree = "<group>";
		};
		77B4C53C2C56C52D001A8076 = {
			isa = PBXGroup;
			children = (
				77B4C5472C56C52D001A8076 /* SunInfo */,
				77B4C5462C56C52D001A8076 /* Products */,
			);
			sourceTree = "<group>";
		};
		77B4C5462C56C52D001A8076 /* Products */ = {
			isa = PBXGroup;
			children = (
				77B4C5452C56C52D001A8076 /* SunInfo.app */,
			);
			name = Products;
			sourceTree = "<group>";
		};
		77B4C5472C56C52D001A8076 /* SunInfo */ = {
			isa = PBXGroup;
			children = (
				77B4C5482C56C52D001A8076 /* AppDelegate.swift */,
				77B4C54A2C56C52D001A8076 /* SceneDelegate.swift */,
				777355892C57D69800DCCE13 /* ui */,
				777355882C57D69100DCCE13 /* data */,
				77B4C54E2C56C52D001A8076 /* Main.storyboard */,
				77B4C5512C56C52E001A8076 /* Assets.xcassets */,
				77B4C5532C56C52E001A8076 /* LaunchScreen.storyboard */,
				77B4C5562C56C52E001A8076 /* Info.plist */,
			);
			path = SunInfo;
			sourceTree = "<group>";
		};
/* End PBXGroup section */

/* Begin PBXNativeTarget section */
		77B4C5442C56C52D001A8076 /* SunInfo */ = {
			isa = PBXNativeTarget;
			buildConfigurationList = 77B4C5592C56C52E001A8076 /* Build configuration list for PBXNativeTarget "SunInfo" */;
			buildPhases = (
				77B4C5412C56C52D001A8076 /* Sources */,
				77B4C5422C56C52D001A8076 /* Frameworks */,
				77B4C5432C56C52D001A8076 /* Resources */,
			);
			buildRules = (
			);
			dependencies = (
			);
			name = SunInfo;
			packageProductDependencies = (
				77B4C5612C56CB70001A8076 /* Alamofire */,
				777355842C57D05000DCCE13 /* RxSwift */,
			);
			productName = SunInfo;
			productReference = 77B4C5452C56C52D001A8076 /* SunInfo.app */;
			productType = "com.apple.product-type.application";
		};
/* End PBXNativeTarget section */

/* Begin PBXProject section */
		77B4C53D2C56C52D001A8076 /* Project object */ = {
			isa = PBXProject;
			attributes = {
				BuildIndependentTargetsInParallel = 1;
				LastSwiftUpdateCheck = 1540;
				LastUpgradeCheck = 1540;
				TargetAttributes = {
					77B4C5442C56C52D001A8076 = {
						CreatedOnToolsVersion = 15.4;
					};
				};
			};
			buildConfigurationList = 77B4C5402C56C52D001A8076 /* Build configuration list for PBXProject "SunInfo" */;
			compatibilityVersion = "Xcode 14.0";
			developmentRegion = en;
			hasScannedForEncodings = 0;
			knownRegions = (
				en,
				Base,
			);
			mainGroup = 77B4C53C2C56C52D001A8076;
			packageReferences = (
				77B4C5602C56CB70001A8076 /* XCRemoteSwiftPackageReference "Alamofire" */,
				777355832C57D05000DCCE13 /* XCRemoteSwiftPackageReference "RxSwift" */,
			);
			productRefGroup = 77B4C5462C56C52D001A8076 /* Products */;
			projectDirPath = "";
			projectRoot = "";
			targets = (
				77B4C5442C56C52D001A8076 /* SunInfo */,
			);
		};
/* End PBXProject section */

/* Begin PBXResourcesBuildPhase section */
		77B4C5432C56C52D001A8076 /* Resources */ = {
			isa = PBXResourcesBuildPhase;
			buildActionMask = 2147483647;
			files = (
				77B4C5522C56C52E001A8076 /* Assets.xcassets in Resources */,
				77B4C5552C56C52E001A8076 /* Base in Resources */,
				77B4C5502C56C52D001A8076 /* Base in Resources */,
			);
			runOnlyForDeploymentPostprocessing = 0;
		};
/* End PBXResourcesBuildPhase section */

/* Begin PBXSourcesBuildPhase section */
		77B4C5412C56C52D001A8076 /* Sources */ = {
			isa = PBXSourcesBuildPhase;
			buildActionMask = 2147483647;
			files = (
				77B4C54D2C56C52D001A8076 /* HomePageVC.swift in Sources */,
				777355822C57D01500DCCE13 /* SunDaoRepository.swift in Sources */,
				777355872C57D4A600DCCE13 /* HomePageVM.swift in Sources */,
				77B4C55F2C56C977001A8076 /* SunResults.swift in Sources */,
				77B4C55D2C56C95F001A8076 /* SunInfoResponse.swift in Sources */,
				77B4C5492C56C52D001A8076 /* AppDelegate.swift in Sources */,
				7773558F2C57DC8700DCCE13 /* WorldTimeAPI.swift in Sources */,
				77B4C54B2C56C52D001A8076 /* SceneDelegate.swift in Sources */,
			);
			runOnlyForDeploymentPostprocessing = 0;
		};
/* End PBXSourcesBuildPhase section */

/* Begin PBXVariantGroup section */
		77B4C54E2C56C52D001A8076 /* Main.storyboard */ = {
			isa = PBXVariantGroup;
			children = (
				77B4C54F2C56C52D001A8076 /* Base */,
			);
			name = Main.storyboard;
			sourceTree = "<group>";
		};
		77B4C5532C56C52E001A8076 /* LaunchScreen.storyboard */ = {
			isa = PBXVariantGroup;
			children = (
				77B4C5542C56C52E001A8076 /* Base */,
			);
			name = LaunchScreen.storyboard;
			sourceTree = "<group>";
		};
/* End PBXVariantGroup section */

/* Begin XCBuildConfiguration section */
		77B4C5572C56C52E001A8076 /* Debug */ = {
			isa = XCBuildConfiguration;
			buildSettings = {
				ALWAYS_SEARCH_USER_PATHS = NO;
				ASSETCATALOG_COMPILER_GENERATE_SWIFT_ASSET_SYMBOL_EXTENSIONS = YES;
				CLANG_ANALYZER_NONNULL = YES;
				CLANG_ANALYZER_NUMBER_OBJECT_CONVERSION = YES_AGGRESSIVE;
				CLANG_CXX_LANGUAGE_STANDARD = "gnu++20";
				CLANG_ENABLE_MODULES = YES;
				CLANG_ENABLE_OBJC_ARC = YES;
				CLANG_ENABLE_OBJC_WEAK = YES;
				CLANG_WARN_BLOCK_CAPTURE_AUTORELEASING = YES;
				CLANG_WARN_BOOL_CONVERSION = YES;
				CLANG_WARN_COMMA = YES;
				CLANG_WARN_CONSTANT_CONVERSION = YES;
				CLANG_WARN_DEPRECATED_OBJC_IMPLEMENTATIONS = YES;
				CLANG_WARN_DIRECT_OBJC_ISA_USAGE = YES_ERROR;
				CLANG_WARN_DOCUMENTATION_COMMENTS = YES;
				CLANG_WARN_EMPTY_BODY = YES;
				CLANG_WARN_ENUM_CONVERSION = YES;
				CLANG_WARN_INFINITE_RECURSION = YES;
				CLANG_WARN_INT_CONVERSION = YES;
				CLANG_WARN_NON_LITERAL_NULL_CONVERSION = YES;
				CLANG_WARN_OBJC_IMPLICIT_RETAIN_SELF = YES;
				CLANG_WARN_OBJC_LITERAL_CONVERSION = YES;
				CLANG_WARN_OBJC_ROOT_CLASS = YES_ERROR;
				CLANG_WARN_QUOTED_INCLUDE_IN_FRAMEWORK_HEADER = YES;
				CLANG_WARN_RANGE_LOOP_ANALYSIS = YES;
				CLANG_WARN_STRICT_PROTOTYPES = YES;
				CLANG_WARN_SUSPICIOUS_MOVE = YES;
				CLANG_WARN_UNGUARDED_AVAILABILITY = YES_AGGRESSIVE;
				CLANG_WARN_UNREACHABLE_CODE = YES;
				CLANG_WARN__DUPLICATE_METHOD_MATCH = YES;
				COPY_PHASE_STRIP = NO;
				DEBUG_INFORMATION_FORMAT = dwarf;
				ENABLE_STRICT_OBJC_MSGSEND = YES;
				ENABLE_TESTABILITY = YES;
				ENABLE_USER_SCRIPT_SANDBOXING = YES;
				GCC_C_LANGUAGE_STANDARD = gnu17;
				GCC_DYNAMIC_NO_PIC = NO;
				GCC_NO_COMMON_BLOCKS = YES;
				GCC_OPTIMIZATION_LEVEL = 0;
				GCC_PREPROCESSOR_DEFINITIONS = (
					"DEBUG=1",
					"$(inherited)",
				);
				GCC_WARN_64_TO_32_BIT_CONVERSION = YES;
				GCC_WARN_ABOUT_RETURN_TYPE = YES_ERROR;
				GCC_WARN_UNDECLARED_SELECTOR = YES;
				GCC_WARN_UNINITIALIZED_AUTOS = YES_AGGRESSIVE;
				GCC_WARN_UNUSED_FUNCTION = YES;
				GCC_WARN_UNUSED_VARIABLE = YES;
				IPHONEOS_DEPLOYMENT_TARGET = 17.5;
				LOCALIZATION_PREFERS_STRING_CATALOGS = YES;
				MTL_ENABLE_DEBUG_INFO = INCLUDE_SOURCE;
				MTL_FAST_MATH = YES;
				ONLY_ACTIVE_ARCH = YES;
				SDKROOT = iphoneos;
				SWIFT_ACTIVE_COMPILATION_CONDITIONS = "DEBUG $(inherited)";
				SWIFT_OPTIMIZATION_LEVEL = "-Onone";
			};
			name = Debug;
		};
		77B4C5582C56C52E001A8076 /* Release */ = {
			isa = XCBuildConfiguration;
			buildSettings = {
				ALWAYS_SEARCH_USER_PATHS = NO;
				ASSETCATALOG_COMPILER_GENERATE_SWIFT_ASSET_SYMBOL_EXTENSIONS = YES;
				CLANG_ANALYZER_NONNULL = YES;
				CLANG_ANALYZER_NUMBER_OBJECT_CONVERSION = YES_AGGRESSIVE;
				CLANG_CXX_LANGUAGE_STANDARD = "gnu++20";
				CLANG_ENABLE_MODULES = YES;
				CLANG_ENABLE_OBJC_ARC = YES;
				CLANG_ENABLE_OBJC_WEAK = YES;
				CLANG_WARN_BLOCK_CAPTURE_AUTORELEASING = YES;
				CLANG_WARN_BOOL_CONVERSION = YES;
				CLANG_WARN_COMMA = YES;
				CLANG_WARN_CONSTANT_CONVERSION = YES;
				CLANG_WARN_DEPRECATED_OBJC_IMPLEMENTATIONS = YES;
				CLANG_WARN_DIRECT_OBJC_ISA_USAGE = YES_ERROR;
				CLANG_WARN_DOCUMENTATION_COMMENTS = YES;
				CLANG_WARN_EMPTY_BODY = YES;
				CLANG_WARN_ENUM_CONVERSION = YES;
				CLANG_WARN_INFINITE_RECURSION = YES;
				CLANG_WARN_INT_CONVERSION = YES;
				CLANG_WARN_NON_LITERAL_NULL_CONVERSION = YES;
				CLANG_WARN_OBJC_IMPLICIT_RETAIN_SELF = YES;
				CLANG_WARN_OBJC_LITERAL_CONVERSION = YES;
				CLANG_WARN_OBJC_ROOT_CLASS = YES_ERROR;
				CLANG_WARN_QUOTED_INCLUDE_IN_FRAMEWORK_HEADER = YES;
				CLANG_WARN_RANGE_LOOP_ANALYSIS = YES;
				CLANG_WARN_STRICT_PROTOTYPES = YES;
				CLANG_WARN_SUSPICIOUS_MOVE = YES;
				CLANG_WARN_UNGUARDED_AVAILABILITY = YES_AGGRESSIVE;
				CLANG_WARN_UNREACHABLE_CODE = YES;
				CLANG_WARN__DUPLICATE_METHOD_MATCH = YES;
				COPY_PHASE_STRIP = NO;
				DEBUG_INFORMATION_FORMAT = "dwarf-with-dsym";
				ENABLE_NS_ASSERTIONS = NO;
				ENABLE_STRICT_OBJC_MSGSEND = YES;
				ENABLE_USER_SCRIPT_SANDBOXING = YES;
				GCC_C_LANGUAGE_STANDARD = gnu17;
				GCC_NO_COMMON_BLOCKS = YES;
				GCC_WARN_64_TO_32_BIT_CONVERSION = YES;
				GCC_WARN_ABOUT_RETURN_TYPE = YES_ERROR;
				GCC_WARN_UNDECLARED_SELECTOR = YES;
				GCC_WARN_UNINITIALIZED_AUTOS = YES_AGGRESSIVE;
				GCC_WARN_UNUSED_FUNCTION = YES;
				GCC_WARN_UNUSED_VARIABLE = YES;
				IPHONEOS_DEPLOYMENT_TARGET = 17.5;
				LOCALIZATION_PREFERS_STRING_CATALOGS = YES;
				MTL_ENABLE_DEBUG_INFO = NO;
				MTL_FAST_MATH = YES;
				SDKROOT = iphoneos;
				SWIFT_COMPILATION_MODE = wholemodule;
				VALIDATE_PRODUCT = YES;
			};
			name = Release;
		};
		77B4C55A2C56C52E001A8076 /* Debug */ = {
			isa = XCBuildConfiguration;
			buildSettings = {
				ASSETCATALOG_COMPILER_APPICON_NAME = AppIcon;
				ASSETCATALOG_COMPILER_GLOBAL_ACCENT_COLOR_NAME = AccentColor;
				CODE_SIGN_STYLE = Automatic;
				CURRENT_PROJECT_VERSION = 1;
				DEVELOPMENT_TEAM = 24F98Z3S44;
				GENERATE_INFOPLIST_FILE = YES;
				INFOPLIST_FILE = SunInfo/Info.plist;
				INFOPLIST_KEY_UIApplicationSupportsIndirectInputEvents = YES;
				INFOPLIST_KEY_UILaunchStoryboardName = LaunchScreen;
				INFOPLIST_KEY_UIMainStoryboardFile = Main;
				INFOPLIST_KEY_UISupportedInterfaceOrientations_iPad = "UIInterfaceOrientationPortrait UIInterfaceOrientationPortraitUpsideDown UIInterfaceOrientationLandscapeLeft UIInterfaceOrientationLandscapeRight";
				INFOPLIST_KEY_UISupportedInterfaceOrientations_iPhone = "UIInterfaceOrientationPortrait UIInterfaceOrientationLandscapeLeft UIInterfaceOrientationLandscapeRight";
				LD_RUNPATH_SEARCH_PATHS = (
					"$(inherited)",
					"@executable_path/Frameworks",
				);
				MARKETING_VERSION = 1.0;
				PRODUCT_BUNDLE_IDENTIFIER = com.onurcankurt.SunInfo;
				PRODUCT_NAME = "$(TARGET_NAME)";
				SWIFT_EMIT_LOC_STRINGS = YES;
				SWIFT_VERSION = 5.0;
				TARGETED_DEVICE_FAMILY = "1,2";
			};
			name = Debug;
		};
		77B4C55B2C56C52E001A8076 /* Release */ = {
			isa = XCBuildConfiguration;
			buildSettings = {
				ASSETCATALOG_COMPILER_APPICON_NAME = AppIcon;
				ASSETCATALOG_COMPILER_GLOBAL_ACCENT_COLOR_NAME = AccentColor;
				CODE_SIGN_STYLE = Automatic;
				CURRENT_PROJECT_VERSION = 1;
				DEVELOPMENT_TEAM = 24F98Z3S44;
				GENERATE_INFOPLIST_FILE = YES;
				INFOPLIST_FILE = SunInfo/Info.plist;
				INFOPLIST_KEY_UIApplicationSupportsIndirectInputEvents = YES;
				INFOPLIST_KEY_UILaunchStoryboardName = LaunchScreen;
				INFOPLIST_KEY_UIMainStoryboardFile = Main;
				INFOPLIST_KEY_UISupportedInterfaceOrientations_iPad = "UIInterfaceOrientationPortrait UIInterfaceOrientationPortraitUpsideDown UIInterfaceOrientationLandscapeLeft UIInterfaceOrientationLandscapeRight";
				INFOPLIST_KEY_UISupportedInterfaceOrientations_iPhone = "UIInterfaceOrientationPortrait UIInterfaceOrientationLandscapeLeft UIInterfaceOrientationLandscapeRight";
				LD_RUNPATH_SEARCH_PATHS = (
					"$(inherited)",
					"@executable_path/Frameworks",
				);
				MARKETING_VERSION = 1.0;
				PRODUCT_BUNDLE_IDENTIFIER = com.onurcankurt.SunInfo;
				PRODUCT_NAME = "$(TARGET_NAME)";
				SWIFT_EMIT_LOC_STRINGS = YES;
				SWIFT_VERSION = 5.0;
				TARGETED_DEVICE_FAMILY = "1,2";
			};
			name = Release;
		};
/* End XCBuildConfiguration section */

/* Begin XCConfigurationList section */
		77B4C5402C56C52D001A8076 /* Build configuration list for PBXProject "SunInfo" */ = {
			isa = XCConfigurationList;
			buildConfigurations = (
				77B4C5572C56C52E001A8076 /* Debug */,
				77B4C5582C56C52E001A8076 /* Release */,
			);
			defaultConfigurationIsVisible = 0;
			defaultConfigurationName = Release;
		};
		77B4C5592C56C52E001A8076 /* Build configuration list for PBXNativeTarget "SunInfo" */ = {
			isa = XCConfigurationList;
			buildConfigurations = (
				77B4C55A2C56C52E001A8076 /* Debug */,
				77B4C55B2C56C52E001A8076 /* Release */,
			);
			defaultConfigurationIsVisible = 0;
			defaultConfigurationName = Release;
		};
/* End XCConfigurationList section */

/* Begin XCRemoteSwiftPackageReference section */
		777355832C57D05000DCCE13 /* XCRemoteSwiftPackageReference "RxSwift" */ = {
			isa = XCRemoteSwiftPackageReference;
			repositoryURL = "https://github.com/ReactiveX/RxSwift";
			requirement = {
				kind = upToNextMajorVersion;
				minimumVersion = 6.7.1;
			};
		};
		77B4C5602C56CB70001A8076 /* XCRemoteSwiftPackageReference "Alamofire" */ = {
			isa = XCRemoteSwiftPackageReference;
			repositoryURL = "https://github.com/Alamofire/Alamofire";
			requirement = {
				kind = upToNextMajorVersion;
				minimumVersion = 5.9.1;
			};
		};
/* End XCRemoteSwiftPackageReference section */

/* Begin XCSwiftPackageProductDependency section */
		777355842C57D05000DCCE13 /* RxSwift */ = {
			isa = XCSwiftPackageProductDependency;
			package = 777355832C57D05000DCCE13 /* XCRemoteSwiftPackageReference "RxSwift" */;
			productName = RxSwift;
		};
		77B4C5612C56CB70001A8076 /* Alamofire */ = {
			isa = XCSwiftPackageProductDependency;
			package = 77B4C5602C56CB70001A8076 /* XCRemoteSwiftPackageReference "Alamofire" */;
			productName = Alamofire;
		};
/* End XCSwiftPackageProductDependency section */
	};
	rootObject = 77B4C53D2C56C52D001A8076 /* Project object */;
}
